
Microsoft Visual Studio Solution File, Format Version 12.00
# Visual Studio Version 17
VisualStudioVersion = 17.0.31314.256
MinimumVisualStudioVersion = 10.0.40219.1
Project("{2150E333-8FDC-42A3-9474-1A3956D46DE8}") = "Engine", "Engine", "{233774A8-CC9D-3FA9-86D1-90573E92B704}"
EndProject
Project("{2150E333-8FDC-42A3-9474-1A3956D46DE8}") = "Games", "Games", "{DE1F8B53-6C02-3C13-9101-A7C8D96F3FF6}"
EndProject
Project("{8BC9CEB8-8B4A-11D0-8D11-00A0C91BC942}") = "UE5", "Intermediate\ProjectFiles\UE5.vcxproj", "{8512F188-2C01-399B-B31A-4647A7F1A477}"
EndProject
Project("{8BC9CEB8-8B4A-11D0-8D11-00A0C91BC942}") = "VirusP", "Intermediate\ProjectFiles\VirusP.vcxproj", "{D777F94B-1582-3726-B81A-C3ACC0CD9318}"
EndProject
Project("{2150E333-8FDC-42A3-9474-1A3956D46DE8}") = "Visualizers", "Visualizers", "{1CCEC849-CC72-4C59-8C36-2F7C38706D4C}"
	ProjectSection(SolutionItems) = preProject
		..\..\..\..\..\..\Program Files\Epic Games\UE_5.0\Engine\Extras\VisualStudioDebugging\Unreal.natvis = ..\..\..\..\..\..\Program Files\Epic Games\UE_5.0\Engine\Extras\VisualStudioDebugging\Unreal.natvis
	EndProjectSection
EndProject
Global
	GlobalSection(SolutionConfigurationPlatforms) = preSolution
		DebugGame Editor|Win64 = DebugGame Editor|Win64
		DebugGame|Win64 = DebugGame|Win64
		Development Editor|Win64 = Development Editor|Win64
		Development|Win64 = Development|Win64
		Shipping|Win64 = Shipping|Win64
	EndGlobalSection
	# UnrealVS Section
	GlobalSection(ddbf523f-7eb6-4887-bd51-85a714ff87eb) = preSolution
		AvailablePlatforms=Win64
	EndGlobalSection
	GlobalSection(ProjectConfigurationPlatforms) = postSolution
		{8512F188-2C01-399B-B31A-4647A7F1A477}.DebugGame Editor|Win64.ActiveCfg = BuiltWithUnrealBuildTool|Win64
		{8512F188-2C01-399B-B31A-4647A7F1A477}.DebugGame|Win64.ActiveCfg = BuiltWithUnrealBuildTool|Win64
		{8512F188-2C01-399B-B31A-4647A7F1A477}.Development Editor|Win64.ActiveCfg = BuiltWithUnrealBuildTool|Win64
		{8512F188-2C01-399B-B31A-4647A7F1A477}.Development|Win64.ActiveCfg = BuiltWithUnrealBuildTool|Win64
		{8512F188-2C01-399B-B31A-4647A7F1A477}.Shipping|Win64.ActiveCfg = BuiltWithUnrealBuildTool|Win64
		{D777F94B-1582-3726-B81A-C3ACC0CD9318}.DebugGame Editor|Win64.ActiveCfg = DebugGame_Editor|x64
		{D777F94B-1582-3726-B81A-C3ACC0CD9318}.DebugGame Editor|Win64.Build.0 = DebugGame_Editor|x64
		{D777F94B-1582-3726-B81A-C3ACC0CD9318}.DebugGame|Win64.ActiveCfg = DebugGame|x64
		{D777F94B-1582-3726-B81A-C3ACC0CD9318}.DebugGame|Win64.Build.0 = DebugGame|x64
		{D777F94B-1582-3726-B81A-C3ACC0CD9318}.Development Editor|Win64.ActiveCfg = Development_Editor|x64
		{D777F94B-1582-3726-B81A-C3ACC0CD9318}.Development Editor|Win64.Build.0 = Development_Editor|x64
		{D777F94B-1582-3726-B81A-C3ACC0CD9318}.Development|Win64.ActiveCfg = Development|x64
		{D777F94B-1582-3726-B81A-C3ACC0CD9318}.Development|Win64.Build.0 = Development|x64
		{D777F94B-1582-3726-B81A-C3ACC0CD9318}.Shipping|Win64.ActiveCfg = Shipping|x64
		{D777F94B-1582-3726-B81A-C3ACC0CD9318}.Shipping|Win64.Build.0 = Shipping|x64
	EndGlobalSection
	GlobalSection(SolutionProperties) = preSolution
		HideSolutionNode = FALSE
	EndGlobalSection
	GlobalSection(NestedProjects) = preSolution
		{8512F188-2C01-399B-B31A-4647A7F1A477} = {233774A8-CC9D-3FA9-86D1-90573E92B704}
		{D777F94B-1582-3726-B81A-C3ACC0CD9318} = {DE1F8B53-6C02-3C13-9101-A7C8D96F3FF6}
	EndGlobalSection
EndGlobal
